
Microsoft Visual Studio Solution File, Format Version 12.00
# Visual Studio Version 17
VisualStudioVersion = 17.2.32602.215
MinimumVisualStudioVersion = 10.0.40219.1
Project("{FAE04EC0-301F-11D3-BF4B-00C04F79EFBC}") = "ConfigurationBuilderExtension", "ConfigurationBuilderExtension.csproj", "{02929E43-6D24-4648-918C-205CEEF402A0}"
EndProject
Global
	GlobalSection(SolutionConfigurationPlatforms) = preSolution
		Debug|Any CPU = Debug|Any CPU
		Release|Any CPU = Release|Any CPU
	EndGlobalSection
	GlobalSection(ProjectConfigurationPlatforms) = postSolution
		{02929E43-6D24-4648-918C-205CEEF402A0}.Debug|Any CPU.ActiveCfg = Debug|Any CPU
		{02929E43-6D24-4648-918C-205CEEF402A0}.Debug|Any CPU.Build.0 = Debug|Any CPU
		{02929E43-6D24-4648-918C-205CEEF402A0}.Release|Any CPU.ActiveCfg = Release|Any CPU
		{02929E43-6D24-4648-918C-205CEEF402A0}.Release|Any CPU.Build.0 = Release|Any CPU
	EndGlobalSection
	GlobalSection(SolutionProperties) = preSolution
		HideSolutionNode = FALSE
	EndGlobalSection
	GlobalSection(ExtensibilityGlobals) = postSolution
		SolutionGuid = {F4216B6B-8092-49D3-AEC9-E6B8817BF929}
	EndGlobalSection
EndGlobal
